
Microsoft Visual Studio Solution File, Format Version 12.00
# Visual Studio Version 16
VisualStudioVersion = 16.0.30114.105
MinimumVisualStudioVersion = 10.0.40219.1
Project("{2150E333-8FDC-42A3-9474-1A3956D46DE8}") = "src", "src", "{B0F38E0E-F5B3-4650-BC7E-1B7433E6036A}"
EndProject
Project("{FAE04EC0-301F-11D3-BF4B-00C04F79EFBC}") = "Console", "src\Console\Console.csproj", "{FD74D7E2-F04B-47F7-B95A-C1078E4BEF82}"
EndProject
Project("{FAE04EC0-301F-11D3-BF4B-00C04F79EFBC}") = "CCred", "src\CCred\CCred.csproj", "{D3FD61AA-F761-488D-B45D-B3B6C4648F65}"
EndProject
Global
	GlobalSection(SolutionConfigurationPlatforms) = preSolution
		Debug|Any CPU = Debug|Any CPU
		Release|Any CPU = Release|Any CPU
	EndGlobalSection
	GlobalSection(SolutionProperties) = preSolution
		HideSolutionNode = FALSE
	EndGlobalSection
	GlobalSection(ProjectConfigurationPlatforms) = postSolution
		{FD74D7E2-F04B-47F7-B95A-C1078E4BEF82}.Debug|Any CPU.ActiveCfg = Debug|Any CPU
		{FD74D7E2-F04B-47F7-B95A-C1078E4BEF82}.Debug|Any CPU.Build.0 = Debug|Any CPU
		{FD74D7E2-F04B-47F7-B95A-C1078E4BEF82}.Release|Any CPU.ActiveCfg = Release|Any CPU
		{FD74D7E2-F04B-47F7-B95A-C1078E4BEF82}.Release|Any CPU.Build.0 = Release|Any CPU
		{D3FD61AA-F761-488D-B45D-B3B6C4648F65}.Debug|Any CPU.ActiveCfg = Debug|Any CPU
		{D3FD61AA-F761-488D-B45D-B3B6C4648F65}.Debug|Any CPU.Build.0 = Debug|Any CPU
		{D3FD61AA-F761-488D-B45D-B3B6C4648F65}.Release|Any CPU.ActiveCfg = Release|Any CPU
		{D3FD61AA-F761-488D-B45D-B3B6C4648F65}.Release|Any CPU.Build.0 = Release|Any CPU
	EndGlobalSection
	GlobalSection(NestedProjects) = preSolution
		{FD74D7E2-F04B-47F7-B95A-C1078E4BEF82} = {B0F38E0E-F5B3-4650-BC7E-1B7433E6036A}
		{D3FD61AA-F761-488D-B45D-B3B6C4648F65} = {B0F38E0E-F5B3-4650-BC7E-1B7433E6036A}
	EndGlobalSection
EndGlobal
